
Microsoft Visual Studio Solution File, Format Version 12.00
# Visual Studio Version 17
VisualStudioVersion = 17.0.31919.166
MinimumVisualStudioVersion = 10.0.40219.1
Project("{FAE04EC0-301F-11D3-BF4B-00C04F79EFBC}") = "KanyeREST", "KanyeREST\KanyeREST.csproj", "{32E89BCF-FE54-40CB-B67A-C6F96E59A7B2}"
EndProject
Global
	GlobalSection(SolutionConfigurationPlatforms) = preSolution
		Debug|Any CPU = Debug|Any CPU
		Release|Any CPU = Release|Any CPU
	EndGlobalSection
	GlobalSection(ProjectConfigurationPlatforms) = postSolution
		{32E89BCF-FE54-40CB-B67A-C6F96E59A7B2}.Debug|Any CPU.ActiveCfg = Debug|Any CPU
		{32E89BCF-FE54-40CB-B67A-C6F96E59A7B2}.Debug|Any CPU.Build.0 = Debug|Any CPU
		{32E89BCF-FE54-40CB-B67A-C6F96E59A7B2}.Release|Any CPU.ActiveCfg = Release|Any CPU
		{32E89BCF-FE54-40CB-B67A-C6F96E59A7B2}.Release|Any CPU.Build.0 = Release|Any CPU
	EndGlobalSection
	GlobalSection(SolutionProperties) = preSolution
		HideSolutionNode = FALSE
	EndGlobalSection
	GlobalSection(ExtensibilityGlobals) = postSolution
		SolutionGuid = {0548CFD2-1BF3-4CA4-A16E-C565FD5D1CD3}
	EndGlobalSection
EndGlobal
